
Microsoft Visual Studio Solution File, Format Version 12.00
# Visual Studio Version 17
VisualStudioVersion = 17.9.34728.123
MinimumVisualStudioVersion = 10.0.40219.1
Project("{FAE04EC0-301F-11D3-BF4B-00C04F79EFBC}") = "Desafios 4", "Desafios 4\Desafios 4.csproj", "{7EB3749D-31FF-4181-88FE-C816AF562548}"
EndProject
Global
	GlobalSection(SolutionConfigurationPlatforms) = preSolution
		Debug|Any CPU = Debug|Any CPU
		Release|Any CPU = Release|Any CPU
	EndGlobalSection
	GlobalSection(ProjectConfigurationPlatforms) = postSolution
		{7EB3749D-31FF-4181-88FE-C816AF562548}.Debug|Any CPU.ActiveCfg = Debug|Any CPU
		{7EB3749D-31FF-4181-88FE-C816AF562548}.Debug|Any CPU.Build.0 = Debug|Any CPU
		{7EB3749D-31FF-4181-88FE-C816AF562548}.Release|Any CPU.ActiveCfg = Release|Any CPU
		{7EB3749D-31FF-4181-88FE-C816AF562548}.Release|Any CPU.Build.0 = Release|Any CPU
	EndGlobalSection
	GlobalSection(SolutionProperties) = preSolution
		HideSolutionNode = FALSE
	EndGlobalSection
	GlobalSection(ExtensibilityGlobals) = postSolution
		SolutionGuid = {0D7F6CAD-5638-4830-B8E3-2EC9347B5C45}
	EndGlobalSection
EndGlobal
